{
  "requires": true,
  "lockfileVersion": 1,
  "dependencies": {
    "@fullcalendar/bootstrap5": {
      "version": "5.11.3",
      "resolved": "https://registry.npmjs.org/@fullcalendar/bootstrap5/-/bootstrap5-5.11.3.tgz",
      "integrity": "sha512-nZ0ny3rYbr0YmEznNfZyAwUTWhzEBx6v4EO2fpeW0oR6Y3DeaAVSgLlFCFSEJRniNDX+K2pUpwS5CK9VF2yzHQ==",
      "requires": {
        "@fullcalendar/common": "~5.11.3",
        "tslib": "^2.1.0"
      }
    },
    "@fullcalendar/common": {
      "version": "5.11.3",
      "resolved": "https://registry.npmjs.org/@fullcalendar/common/-/common-5.11.3.tgz",
      "integrity": "sha512-welVwyfQOXQQGfDwBMSfYEPbiO1cPfUD+C7jd3ZoweJR+dSO11ddFugxIQ7dGfABAGZ63oq/+LW9FsmAJezVNg==",
      "requires": {
        "tslib": "^2.1.0"
      }
    },
    "@fullcalendar/core": {
      "version": "5.11.3",
      "resolved": "https://registry.npmjs.org/@fullcalendar/core/-/core-5.11.3.tgz",
      "integrity": "sha512-YUFxCvVJytUwFeXCx4J17kFMM7Ixwn9zBjVRw5NM2bMwgR6VAhSnlZc6yNQSOIy7Hj2TF0vDkO/4JNlTvxyAXw==",
      "requires": {
        "@fullcalendar/common": "~5.11.3",
        "preact": "^10.0.5",
        "tslib": "^2.1.0"
      }
    },
    "@fullcalendar/daygrid": {
      "version": "5.11.3",
      "resolved": "https://registry.npmjs.org/@fullcalendar/daygrid/-/daygrid-5.11.3.tgz",
      "integrity": "sha512-PCK0y80DRNCzWuC5lGpIWqCgKDvql1ah7rXql5lu+Gn2EeFj15ZQ8diMFjtNIQucEmFaNOXnR05Pgcry1n6Shg==",
      "requires": {
        "@fullcalendar/common": "~5.11.3",
        "tslib": "^2.1.0"
      }
    },
    "@fullcalendar/google-calendar": {
      "version": "5.11.3",
      "resolved": "https://registry.npmjs.org/@fullcalendar/google-calendar/-/google-calendar-5.11.3.tgz",
      "integrity": "sha512-WJ3/D+TY0ZHrT1xiZl9Pdx3JvhfvMU3ygOr69FPIpOAcEMIirLg4aO/xerik6D5v2Hnyprav5wP2XI8o/0oW5Q==",
      "requires": {
        "@fullcalendar/common": "~5.11.3",
        "tslib": "^2.1.0"
      }
    },
    "@fullcalendar/interaction": {
      "version": "5.11.3",
      "resolved": "https://registry.npmjs.org/@fullcalendar/interaction/-/interaction-5.11.3.tgz",
      "integrity": "sha512-L955wkDjza62K96ndstvYs2Fd4V0kayTDpqW8W7huFG3Ox8MutpLqKAa2SCaTvcNIlWS4oexGQRiQAaJG7u47A==",
      "requires": {
        "@fullcalendar/common": "~5.11.3",
        "tslib": "^2.1.0"
      }
    },
    "@fullcalendar/list": {
      "version": "5.11.3",
      "resolved": "https://registry.npmjs.org/@fullcalendar/list/-/list-5.11.3.tgz",
      "integrity": "sha512-6m9rJPzB5XfJZg+MlgVpha1cI3NUDeyV3GOmojJWZuti05NfDP4f0lzFUul8W7m1DQcjGS2UPRNE8HouA3guEA==",
      "requires": {
        "@fullcalendar/common": "~5.11.3",
        "tslib": "^2.1.0"
      }
    },
    "@fullcalendar/moment": {
      "version": "5.11.3",
      "resolved": "https://registry.npmjs.org/@fullcalendar/moment/-/moment-5.11.3.tgz",
      "integrity": "sha512-XYvqG/TbO4zUv0vZtqD5oynwH+j9a6ALH6aL6DQ24pi5fYfJyK+DBknjHiXZcCx00McHzfmad2+7jgb1Zf5QUg==",
      "requires": {
        "@fullcalendar/common": "~5.11.3",
        "tslib": "^2.1.0"
      }
    },
    "@fullcalendar/moment-timezone": {
      "version": "5.11.3",
      "resolved": "https://registry.npmjs.org/@fullcalendar/moment-timezone/-/moment-timezone-5.11.3.tgz",
      "integrity": "sha512-Wj7SSFsQpOL5dt07TBURPW9PgVsmKMPwYXgp0v+oTCtBaz7HfHX/LKomy3JWSWkc6qtwWoMeE3Ouq+PNkmzSWw==",
      "requires": {
        "@fullcalendar/common": "~5.11.3",
        "tslib": "^2.1.0"
      }
    },
    "@fullcalendar/premium-common": {
      "version": "5.11.3",
      "resolved": "https://registry.npmjs.org/@fullcalendar/premium-common/-/premium-common-5.11.3.tgz",
      "integrity": "sha512-fvMU8OmIReBXoY1iOkRO+zGwbUHA1YB9xtkYbSL3ZeMQ008P0Lj6ar7Jv/lB5XDRgh50TRfFIgfDjdszESAc4w==",
      "requires": {
        "@fullcalendar/common": "~5.11.3",
        "tslib": "^2.1.0"
      }
    },
    "@fullcalendar/scrollgrid": {
      "version": "5.11.3",
      "resolved": "https://registry.npmjs.org/@fullcalendar/scrollgrid/-/scrollgrid-5.11.3.tgz",
      "integrity": "sha512-JTWDmejPmit65pCoQafUPeplI2+iogXG/3TNbusXMSWYaaMrINHDQiBZ/6EAt46hO2eWyEglmgS0BwVXZNSlGg==",
      "requires": {
        "@fullcalendar/common": "~5.11.3",
        "@fullcalendar/premium-common": "~5.11.3",
        "tslib": "^2.1.0"
      }
    },
    "@fullcalendar/timegrid": {
      "version": "5.11.3",
      "resolved": "https://registry.npmjs.org/@fullcalendar/timegrid/-/timegrid-5.11.3.tgz",
      "integrity": "sha512-SjIj2ZQ7nTyL1RxZkCPvNbuUQ0xHT+gfYJdUL3FT4bPjPJCxWtQ2CL8hxaeNmVozYYuy0yrGTW5Oup2+9IplbA==",
      "requires": {
        "@fullcalendar/common": "~5.11.3",
        "@fullcalendar/daygrid": "~5.11.3",
        "tslib": "^2.1.0"
      }
    },
    "preact": {
      "version": "10.10.6",
      "resolved": "https://registry.npmjs.org/preact/-/preact-10.10.6.tgz",
      "integrity": "sha512-w0mCL5vICUAZrh1DuHEdOWBjxdO62lvcO++jbzr8UhhYcTbFkpegLH9XX+7MadjTl/y0feoqwQ/zAnzkc/EGog=="
    },
    "tslib": {
      "version": "2.4.0",
      "resolved": "https://registry.npmjs.org/tslib/-/tslib-2.4.0.tgz",
      "integrity": "sha512-d6xOpEDfsi2CZVlPQzGeux8XMwLT9hssAsaPYExaQMuYskwb+x1x7J371tWlbBdWHroy99KnVB6qIkUbs5X3UQ=="
    }
  }
}
